// !$*UTF8*$!
{
	archiveVersion = 1;
	classes = {
	};
	objectVersion = 48;
	objects = {

/* Begin PBXBuildFile section */
		0DC3E6F31FF21F8200A95F5B /* AppDelegate.m in Sources */ = {isa = PBXBuildFile; fileRef = 0DC3E6F21FF21F8200A95F5B /* AppDelegate.m */; };
		0DC3E6F61FF21F8200A95F5B /* ViewController.m in Sources */ = {isa = PBXBuildFile; fileRef = 0DC3E6F51FF21F8200A95F5B /* ViewController.m */; };
		0DC3E6F91FF21F8200A95F5B /* Main.storyboard in Resources */ = {isa = PBXBuildFile; fileRef = 0DC3E6F71FF21F8200A95F5B /* Main.storyboard */; };
		0DC3E6FB1FF21F8200A95F5B /* Assets.xcassets in Resources */ = {isa = PBXBuildFile; fileRef = 0DC3E6FA1FF21F8200A95F5B /* Assets.xcassets */; };
		0DC3E6FE1FF21F8200A95F5B /* LaunchScreen.storyboard in Resources */ = {isa = PBXBuildFile; fileRef = 0DC3E6FC1FF21F8200A95F5B /* LaunchScreen.storyboard */; };
		0DC3E7011FF21F8200A95F5B /* main.m in Sources */ = {isa = PBXBuildFile; fileRef = 0DC3E7001FF21F8200A95F5B /* main.m */; };
		0DC3E7091FF220B400A95F5B /* UITabBar+Swizzling.m in Sources */ = {isa = PBXBuildFile; fileRef = 0DC3E7071FF220B300A95F5B /* UITabBar+Swizzling.m */; };
		0DC3E70C1FF220EA00A95F5B /* CusTabViewController.m in Sources */ = {isa = PBXBuildFile; fileRef = 0DC3E70B1FF220EA00A95F5B /* CusTabViewController.m */; };
/* End PBXBuildFile section */

/* Begin PBXFileReference section */
		0DC3E6EE1FF21F8200A95F5B /* SwizzlingTabbarDemo.app */ = {isa = PBXFileReference; explicitFileType = wrapper.application; includeInIndex = 0; path = SwizzlingTabbarDemo.app; sourceTree = BUILT_PRODUCTS_DIR; };
		0DC3E6F11FF21F8200A95F5B /* AppDelegate.h */ = {isa = PBXFileReference; lastKnownFileType = sourcecode.c.h; path = AppDelegate.h; sourceTree = "<group>"; };
		0DC3E6F21FF21F8200A95F5B /* AppDelegate.m */ = {isa = PBXFileReference; lastKnownFileType = sourcecode.c.objc; path = AppDelegate.m; sourceTree = "<group>"; };
		0DC3E6F41FF21F8200A95F5B /* ViewController.h */ = {isa = PBXFileReference; lastKnownFileType = sourcecode.c.h; path = ViewController.h; sourceTree = "<group>"; };
		0DC3E6F51FF21F8200A95F5B /* ViewController.m */ = {isa = PBXFileReference; lastKnownFileType = sourcecode.c.objc; path = ViewController.m; sourceTree = "<group>"; };
		0DC3E6F81FF21F8200A95F5B /* Base */ = {isa = PBXFileReference; lastKnownFileType = file.storyboard; name = Base; path = Base.lproj/Main.storyboard; sourceTree = "<group>"; };
		0DC3E6FA1FF21F8200A95F5B /* Assets.xcassets */ = {isa = PBXFileReference; lastKnownFileType = folder.assetcatalog; path = Assets.xcassets; sourceTree = "<group>"; };
		0DC3E6FD1FF21F8200A95F5B /* Base */ = {isa = PBXFileReference; lastKnownFileType = file.storyboard; name = Base; path = Base.lproj/LaunchScreen.storyboard; sourceTree = "<group>"; };
		0DC3E6FF1FF21F8200A95F5B /* Info.plist */ = {isa = PBXFileReference; lastKnownFileType = text.plist.xml; path = Info.plist; sourceTree = "<group>"; };
		0DC3E7001FF21F8200A95F5B /* main.m */ = {isa = PBXFileReference; lastKnownFileType = sourcecode.c.objc; path = main.m; sourceTree = "<group>"; };
		0DC3E7071FF220B300A95F5B /* UITabBar+Swizzling.m */ = {isa = PBXFileReference; fileEncoding = 4; lastKnownFileType = sourcecode.c.objc; path = "UITabBar+Swizzling.m"; sourceTree = "<group>"; };
		0DC3E7081FF220B400A95F5B /* UITabBar+Swizzling.h */ = {isa = PBXFileReference; fileEncoding = 4; lastKnownFileType = sourcecode.c.h; path = "UITabBar+Swizzling.h"; sourceTree = "<group>"; };
		0DC3E70A1FF220EA00A95F5B /* CusTabViewController.h */ = {isa = PBXFileReference; lastKnownFileType = sourcecode.c.h; path = CusTabViewController.h; sourceTree = "<group>"; };
		0DC3E70B1FF220EA00A95F5B /* CusTabViewController.m */ = {isa = PBXFileReference; lastKnownFileType = sourcecode.c.objc; path = CusTabViewController.m; sourceTree = "<group>"; };
/* End PBXFileReference section */

/* Begin PBXFrameworksBuildPhase section */
		0DC3E6EB1FF21F8200A95F5B /* Frameworks */ = {
			isa = PBXFrameworksBuildPhase;
			buildActionMask = 2147483647;
			files = (
			);
			runOnlyForDeploymentPostprocessing = 0;
		};
/* End PBXFrameworksBuildPhase section */

/* Begin PBXGroup section */
		0DC3E6E51FF21F8200A95F5B = {
			isa = PBXGroup;
			children = (
				0DC3E6F01FF21F8200A95F5B /* SwizzlingTabbarDemo */,
				0DC3E6EF1FF21F8200A95F5B /* Products */,
			);
			sourceTree = "<group>";
		};
		0DC3E6EF1FF21F8200A95F5B /* Products */ = {
			isa = PBXGroup;
			children = (
				0DC3E6EE1FF21F8200A95F5B /* SwizzlingTabbarDemo.app */,
			);
			name = Products;
			sourceTree = "<group>";
		};
		0DC3E6F01FF21F8200A95F5B /* SwizzlingTabbarDemo */ = {
			isa = PBXGroup;
			children = (
				0DC3E7081FF220B400A95F5B /* UITabBar+Swizzling.h */,
				0DC3E7071FF220B300A95F5B /* UITabBar+Swizzling.m */,
				0DC3E6F11FF21F8200A95F5B /* AppDelegate.h */,
				0DC3E6F21FF21F8200A95F5B /* AppDelegate.m */,
				0DC3E70A1FF220EA00A95F5B /* CusTabViewController.h */,
				0DC3E70B1FF220EA00A95F5B /* CusTabViewController.m */,
				0DC3E6F41FF21F8200A95F5B /* ViewController.h */,
				0DC3E6F51FF21F8200A95F5B /* ViewController.m */,
				0DC3E6F71FF21F8200A95F5B /* Main.storyboard */,
				0DC3E6FA1FF21F8200A95F5B /* Assets.xcassets */,
				0DC3E6FC1FF21F8200A95F5B /* LaunchScreen.storyboard */,
				0DC3E6FF1FF21F8200A95F5B /* Info.plist */,
				0DC3E7001FF21F8200A95F5B /* main.m */,
			);
			path = SwizzlingTabbarDemo;
			sourceTree = "<group>";
		};
/* End PBXGroup section */

/* Begin PBXNativeTarget section */
		0DC3E6ED1FF21F8200A95F5B /* SwizzlingTabbarDemo */ = {
			isa = PBXNativeTarget;
			buildConfigurationList = 0DC3E7041FF21F8200A95F5B /* Build configuration list for PBXNativeTarget "SwizzlingTabbarDemo" */;
			buildPhases = (
				0DC3E6EA1FF21F8200A95F5B /* Sources */,
				0DC3E6EB1FF21F8200A95F5B /* Frameworks */,
				0DC3E6EC1FF21F8200A95F5B /* Resources */,
			);
			buildRules = (
			);
			dependencies = (
			);
			name = SwizzlingTabbarDemo;
			productName = SwizzlingTabbarDemo;
			productReference = 0DC3E6EE1FF21F8200A95F5B /* SwizzlingTabbarDemo.app */;
			productType = "com.apple.product-type.application";
		};
/* End PBXNativeTarget section */

/* Begin PBXProject section */
		0DC3E6E61FF21F8200A95F5B /* Project object */ = {
			isa = PBXProject;
			attributes = {
				LastUpgradeCheck = 0920;
				ORGANIZATIONNAME = "黄章成";
				TargetAttributes = {
					0DC3E6ED1FF21F8200A95F5B = {
						CreatedOnToolsVersion = 9.2;
						ProvisioningStyle = Automatic;
					};
				};
			};
			buildConfigurationList = 0DC3E6E91FF21F8200A95F5B /* Build configuration list for PBXProject "SwizzlingTabbarDemo" */;
			compatibilityVersion = "Xcode 8.0";
			developmentRegion = en;
			hasScannedForEncodings = 0;
			knownRegions = (
				en,
				Base,
			);
			mainGroup = 0DC3E6E51FF21F8200A95F5B;
			productRefGroup = 0DC3E6EF1FF21F8200A95F5B /* Products */;
			projectDirPath = "";
			projectRoot = "";
			targets = (
				0DC3E6ED1FF21F8200A95F5B /* SwizzlingTabbarDemo */,
			);
		};
/* End PBXProject section */

/* Begin PBXResourcesBuildPhase section */
		0DC3E6EC1FF21F8200A95F5B /* Resources */ = {
			isa = PBXResourcesBuildPhase;
			buildActionMask = 2147483647;
			files = (
				0DC3E6FE1FF21F8200A95F5B /* LaunchScreen.storyboard in Resources */,
				0DC3E6FB1FF21F8200A95F5B /* Assets.xcassets in Resources */,
				0DC3E6F91FF21F8200A95F5B /* Main.storyboard in Resources */,
			);
			runOnlyForDeploymentPostprocessing = 0;
		};
/* End PBXResourcesBuildPhase section */

/* Begin PBXSourcesBuildPhase section */
		0DC3E6EA1FF21F8200A95F5B /* Sources */ = {
			isa = PBXSourcesBuildPhase;
			buildActionMask = 2147483647;
			files = (
				0DC3E6F61FF21F8200A95F5B /* ViewController.m in Sources */,
				0DC3E7091FF220B400A95F5B /* UITabBar+Swizzling.m in Sources */,
				0DC3E7011FF21F8200A95F5B /* main.m in Sources */,
				0DC3E6F31FF21F8200A95F5B /* AppDelegate.m in Sources */,
				0DC3E70C1FF220EA00A95F5B /* CusTabViewController.m in Sources */,
			);
			runOnlyForDeploymentPostprocessing = 0;
		};
/* End PBXSourcesBuildPhase section */

/* Begin PBXVariantGroup section */
		0DC3E6F71FF21F8200A95F5B /* Main.storyboard */ = {
			isa = PBXVariantGroup;
			children = (
				0DC3E6F81FF21F8200A95F5B /* Base */,
			);
			name = Main.storyboard;
			sourceTree = "<group>";
		};
		0DC3E6FC1FF21F8200A95F5B /* LaunchScreen.storyboard */ = {
			isa = PBXVariantGroup;
			children = (
				0DC3E6FD1FF21F8200A95F5B /* Base */,
			);
			name = LaunchScreen.storyboard;
			sourceTree = "<group>";
		};
/* End PBXVariantGroup section */

/* Begin XCBuildConfiguration section */
		0DC3E7021FF21F8200A95F5B /* Debug */ = {
			isa = XCBuildConfiguration;
			buildSettings = {
				ALWAYS_SEARCH_USER_PATHS = NO;
				CLANG_ANALYZER_NONNULL = YES;
				CLANG_ANALYZER_NUMBER_OBJECT_CONVERSION = YES_AGGRESSIVE;
				CLANG_CXX_LANGUAGE_STANDARD = "gnu++14";
				CLANG_CXX_LIBRARY = "libc++";
				CLANG_ENABLE_MODULES = YES;
				CLANG_ENABLE_OBJC_ARC = YES;
				CLANG_WARN_BLOCK_CAPTURE_AUTORELEASING = YES;
				CLANG_WARN_BOOL_CONVERSION = YES;
				CLANG_WARN_COMMA = YES;
				CLANG_WARN_CONSTANT_CONVERSION = YES;
				CLANG_WARN_DIRECT_OBJC_ISA_USAGE = YES_ERROR;
				CLANG_WARN_DOCUMENTATION_COMMENTS = YES;
				CLANG_WARN_EMPTY_BODY = YES;
				CLANG_WARN_ENUM_CONVERSION = YES;
				CLANG_WARN_INFINITE_RECURSION = YES;
				CLANG_WARN_INT_CONVERSION = YES;
				CLANG_WARN_NON_LITERAL_NULL_CONVERSION = YES;
				CLANG_WARN_OBJC_LITERAL_CONVERSION = YES;
				CLANG_WARN_OBJC_ROOT_CLASS = YES_ERROR;
				CLANG_WARN_RANGE_LOOP_ANALYSIS = YES;
				CLANG_WARN_STRICT_PROTOTYPES = YES;
				CLANG_WARN_SUSPICIOUS_MOVE = YES;
				CLANG_WARN_UNGUARDED_AVAILABILITY = YES_AGGRESSIVE;
				CLANG_WARN_UNREACHABLE_CODE = YES;
				CLANG_WARN__DUPLICATE_METHOD_MATCH = YES;
				CODE_SIGN_IDENTITY = "iPhone Developer";
				COPY_PHASE_STRIP = NO;
				DEBUG_INFORMATION_FORMAT = dwarf;
				ENABLE_STRICT_OBJC_MSGSEND = YES;
				ENABLE_TESTABILITY = YES;
				GCC_C_LANGUAGE_STANDARD = gnu11;
				GCC_DYNAMIC_NO_PIC = NO;
				GCC_NO_COMMON_BLOCKS = YES;
				GCC_OPTIMIZATION_LEVEL = 0;
				GCC_PREPROCESSOR_DEFINITIONS = (
					"DEBUG=1",
					"$(inherited)",
				);
				GCC_WARN_64_TO_32_BIT_CONVERSION = YES;
				GCC_WARN_ABOUT_RETURN_TYPE = YES_ERROR;
				GCC_WARN_UNDECLARED_SELECTOR = YES;
				GCC_WARN_UNINITIALIZED_AUTOS = YES_AGGRESSIVE;
				GCC_WARN_UNUSED_FUNCTION = YES;
				GCC_WARN_UNUSED_VARIABLE = YES;
				IPHONEOS_DEPLOYMENT_TARGET = 11.2;
				MTL_ENABLE_DEBUG_INFO = YES;
				ONLY_ACTIVE_ARCH = YES;
				SDKROOT = iphoneos;
			};
			name = Debug;
		};
		0DC3E7031FF21F8200A95F5B /* Release */ = {
			isa = XCBuildConfiguration;
			buildSettings = {
				ALWAYS_SEARCH_USER_PATHS = NO;
				CLANG_ANALYZER_NONNULL = YES;
				CLANG_ANALYZER_NUMBER_OBJECT_CONVERSION = YES_AGGRESSIVE;
				CLANG_CXX_LANGUAGE_STANDARD = "gnu++14";
				CLANG_CXX_LIBRARY = "libc++";
				CLANG_ENABLE_MODULES = YES;
				CLANG_ENABLE_OBJC_ARC = YES;
				CLANG_WARN_BLOCK_CAPTURE_AUTORELEASING = YES;
				CLANG_WARN_BOOL_CONVERSION = YES;
				CLANG_WARN_COMMA = YES;
				CLANG_WARN_CONSTANT_CONVERSION = YES;
				CLANG_WARN_DIRECT_OBJC_ISA_USAGE = YES_ERROR;
				CLANG_WARN_DOCUMENTATION_COMMENTS = YES;
				CLANG_WARN_EMPTY_BODY = YES;
				CLANG_WARN_ENUM_CONVERSION = YES;
				CLANG_WARN_INFINITE_RECURSION = YES;
				CLANG_WARN_INT_CONVERSION = YES;
				CLANG_WARN_NON_LITERAL_NULL_CONVERSION = YES;
				CLANG_WARN_OBJC_LITERAL_CONVERSION = YES;
				CLANG_WARN_OBJC_ROOT_CLASS = YES_ERROR;
				CLANG_WARN_RANGE_LOOP_ANALYSIS = YES;
				CLANG_WARN_STRICT_PROTOTYPES = YES;
				CLANG_WARN_SUSPICIOUS_MOVE = YES;
				CLANG_WARN_UNGUARDED_AVAILABILITY = YES_AGGRESSIVE;
				CLANG_WARN_UNREACHABLE_CODE = YES;
				CLANG_WARN__DUPLICATE_METHOD_MATCH = YES;
				CODE_SIGN_IDENTITY = "iPhone Developer";
				COPY_PHASE_STRIP = NO;
				DEBUG_INFORMATION_FORMAT = "dwarf-with-dsym";
				ENABLE_NS_ASSERTIONS = NO;
				ENABLE_STRICT_OBJC_MSGSEND = YES;
				GCC_C_LANGUAGE_STANDARD = gnu11;
				GCC_NO_COMMON_BLOCKS = YES;
				GCC_WARN_64_TO_32_BIT_CONVERSION = YES;
				GCC_WARN_ABOUT_RETURN_TYPE = YES_ERROR;
				GCC_WARN_UNDECLARED_SELECTOR = YES;
				GCC_WARN_UNINITIALIZED_AUTOS = YES_AGGRESSIVE;
				GCC_WARN_UNUSED_FUNCTION = YES;
				GCC_WARN_UNUSED_VARIABLE = YES;
				IPHONEOS_DEPLOYMENT_TARGET = 11.2;
				MTL_ENABLE_DEBUG_INFO = NO;
				SDKROOT = iphoneos;
				VALIDATE_PRODUCT = YES;
			};
			name = Release;
		};
		0DC3E7051FF21F8200A95F5B /* Debug */ = {
			isa = XCBuildConfiguration;
			buildSettings = {
				ASSETCATALOG_COMPILER_APPICON_NAME = AppIcon;
				CODE_SIGN_STYLE = Automatic;
				INFOPLIST_FILE = SwizzlingTabbarDemo/Info.plist;
				LD_RUNPATH_SEARCH_PATHS = "$(inherited) @executable_path/Frameworks";
				PRODUCT_BUNDLE_IDENTIFIER = hzc.SwizzlingTabbarDemo;
				PRODUCT_NAME = "$(TARGET_NAME)";
				TARGETED_DEVICE_FAMILY = "1,2";
			};
			name = Debug;
		};
		0DC3E7061FF21F8200A95F5B /* Release */ = {
			isa = XCBuildConfiguration;
			buildSettings = {
				ASSETCATALOG_COMPILER_APPICON_NAME = AppIcon;
				CODE_SIGN_STYLE = Automatic;
				INFOPLIST_FILE = SwizzlingTabbarDemo/Info.plist;
				LD_RUNPATH_SEARCH_PATHS = "$(inherited) @executable_path/Frameworks";
				PRODUCT_BUNDLE_IDENTIFIER = hzc.SwizzlingTabbarDemo;
				PRODUCT_NAME = "$(TARGET_NAME)";
				TARGETED_DEVICE_FAMILY = "1,2";
			};
			name = Release;
		};
/* End XCBuildConfiguration section */

/* Begin XCConfigurationList section */
		0DC3E6E91FF21F8200A95F5B /* Build configuration list for PBXProject "SwizzlingTabbarDemo" */ = {
			isa = XCConfigurationList;
			buildConfigurations = (
				0DC3E7021FF21F8200A95F5B /* Debug */,
				0DC3E7031FF21F8200A95F5B /* Release */,
			);
			defaultConfigurationIsVisible = 0;
			defaultConfigurationName = Release;
		};
		0DC3E7041FF21F8200A95F5B /* Build configuration list for PBXNativeTarget "SwizzlingTabbarDemo" */ = {
			isa = XCConfigurationList;
			buildConfigurations = (
				0DC3E7051FF21F8200A95F5B /* Debug */,
				0DC3E7061FF21F8200A95F5B /* Release */,
			);
			defaultConfigurationIsVisible = 0;
			defaultConfigurationName = Release;
		};
/* End XCConfigurationList section */
	};
	rootObject = 0DC3E6E61FF21F8200A95F5B /* Project object */;
}
